# THIS IS AN AUTOGENERATED FILE. DO NOT EDIT THIS FILE DIRECTLY.
# yarn lockfile v1


"@types/node@*", "@types/node@^15.3.0":
  version "15.3.0"
  resolved "https://registry.nlark.com/@types/node/download/@types/node-15.3.0.tgz#d6fed7d6bc6854306da3dea1af9f874b00783e26"
  integrity sha1-1v7X1rxoVDBto96hr5+HSwB4PiY=

"@types/ws@^7.4.4":
  version "7.4.4"
  resolved "https://registry.nlark.com/@types/ws/download/@types/ws-7.4.4.tgz#93e1e00824c1de2608c30e6de4303ab3b4c0c9bc"
  integrity sha1-k+HgCCTB3iYIww5t5DA6s7TAybw=
  dependencies:
    "@types/node" "*"

ws@^7.4.5:
  version "7.4.5"
  resolved "https://registry.npm.taobao.org/ws/download/ws-7.4.5.tgz?cache=0&sync_timestamp=1618734170256&other_urls=https%3A%2F%2Fregistry.npm.taobao.org%2Fws%2Fdownload%2Fws-7.4.5.tgz#a484dd851e9beb6fdb420027e3885e8ce48986c1"
  integrity sha1-pITdhR6b62/bQgAn44hejOSJhsE=
